
Microsoft Visual Studio Solution File, Format Version 12.00
# Visual Studio Version 17
VisualStudioVersion = 17.9.34607.119
MinimumVisualStudioVersion = 10.0.40219.1
Project("{FAE04EC0-301F-11D3-BF4B-00C04F79EFBC}") = "EventCW", "EventCW.csproj", "{81F75469-9671-4192-978C-D02822063790}"
EndProject
Global
	GlobalSection(SolutionConfigurationPlatforms) = preSolution
		Debug|Any CPU = Debug|Any CPU
		Release|Any CPU = Release|Any CPU
	EndGlobalSection
	GlobalSection(ProjectConfigurationPlatforms) = postSolution
		{81F75469-9671-4192-978C-D02822063790}.Debug|Any CPU.ActiveCfg = Debug|Any CPU
		{81F75469-9671-4192-978C-D02822063790}.Debug|Any CPU.Build.0 = Debug|Any CPU
		{81F75469-9671-4192-978C-D02822063790}.Release|Any CPU.ActiveCfg = Release|Any CPU
		{81F75469-9671-4192-978C-D02822063790}.Release|Any CPU.Build.0 = Release|Any CPU
	EndGlobalSection
	GlobalSection(SolutionProperties) = preSolution
		HideSolutionNode = FALSE
	EndGlobalSection
	GlobalSection(ExtensibilityGlobals) = postSolution
		SolutionGuid = {7A451E4F-70EB-4D27-B6FC-EE9EF9A643B3}
	EndGlobalSection
EndGlobal
